dependencies:
- name: helm-product
  repository: oci://ghcr.io/onecx/charts
  version: 0.2.0
- name: onecx-iam-kc-svc
  repository: oci://ghcr.io/onecx/charts
  version: 0.0.0-rc.29
- name: onecx-iam-kc-client-operator
  repository: oci://ghcr.io/onecx/charts
  version: 0.0.0-rc.21
- name: onecx-iam-bff
  repository: oci://ghcr.io/onecx/charts
  version: 0.0.0-rc.28
- name: onecx-iam-ui
  repository: oci://ghcr.io/onecx/charts
  version: 0.0.0-rc.19
digest: sha256:3fb656edcb008feadf282040f004b05dc859757d1ebd651db148f87487142cee
generated: "2024-07-19T08:52:47.505492289Z"
