dependencies:
- name: helm-product
  repository: oci://ghcr.io/onecx/charts
  version: 0.2.0
- name: onecx-iam-kc-svc
  repository: oci://ghcr.io/onecx/charts
  version: 0.0.0-rc.32
- name: onecx-iam-kc-client-operator
  repository: oci://ghcr.io/onecx/charts
  version: 0.0.0-rc.25
- name: onecx-iam-bff
  repository: oci://ghcr.io/onecx/charts
  version: 0.0.0-rc.31
- name: onecx-iam-ui
  repository: oci://ghcr.io/onecx/charts
  version: 0.0.0-rc.24
digest: sha256:aa8afb27d920b7b002c1fa8c08502bb02b23ec9ea8d5bc82378ae5b6b9a45dc9
generated: "2024-08-14T13:47:14.004182468Z"
