dependencies:
- name: helm-product
  repository: oci://ghcr.io/onecx/charts
  version: 0.2.0
- name: onecx-iam-kc-svc
  repository: oci://ghcr.io/onecx/charts
  version: 1.4.0-rc.5
- name: onecx-iam-kc-client-operator
  repository: oci://ghcr.io/onecx/charts
  version: 1.4.0-rc.5
- name: onecx-iam-bff
  repository: oci://ghcr.io/onecx/charts
  version: 1.4.0-rc.5
- name: onecx-iam-ui
  repository: oci://ghcr.io/onecx/charts
  version: 1.4.0-rc.3
digest: sha256:fce481a1acf330b6390ff7cba1c58f5023aa2b166296e4ef73c04701a2731235
generated: "2025-02-18T17:44:39.400078796Z"
